// !$*UTF8*$!
{
	archiveVersion = 1;
	classes = {
	};
	objectVersion = 55;
	objects = {

/* Begin PBXBuildFile section */
		9A270D45A4C9027142DF38F9 /* Pods_FirebaseAuthenticationTest.framework in Frameworks */ = {isa = PBXBuildFile; fileRef = C59DF35E91A2B1E901B681F3 /* Pods_FirebaseAuthenticationTest.framework */; };
		A1AFD934283DE45900F6615D /* AppDelegate.swift in Sources */ = {isa = PBXBuildFile; fileRef = A1AFD933283DE45900F6615D /* AppDelegate.swift */; };
		A1AFD936283DE45900F6615D /* SceneDelegate.swift in Sources */ = {isa = PBXBuildFile; fileRef = A1AFD935283DE45900F6615D /* SceneDelegate.swift */; };
		A1AFD938283DE45900F6615D /* ViewController.swift in Sources */ = {isa = PBXBuildFile; fileRef = A1AFD937283DE45900F6615D /* ViewController.swift */; };
		A1AFD93B283DE45900F6615D /* Main.storyboard in Resources */ = {isa = PBXBuildFile; fileRef = A1AFD939283DE45900F6615D /* Main.storyboard */; };
		A1AFD93D283DE45A00F6615D /* Assets.xcassets in Resources */ = {isa = PBXBuildFile; fileRef = A1AFD93C283DE45A00F6615D /* Assets.xcassets */; };
		A1AFD940283DE45A00F6615D /* LaunchScreen.storyboard in Resources */ = {isa = PBXBuildFile; fileRef = A1AFD93E283DE45A00F6615D /* LaunchScreen.storyboard */; };
		A1AFD948283DE91100F6615D /* AuthorizationViewController.swift in Sources */ = {isa = PBXBuildFile; fileRef = A1AFD947283DE91100F6615D /* AuthorizationViewController.swift */; };
		A1E61EA7283DF1F500CC9BB1 /* GoogleService-Info.plist in Resources */ = {isa = PBXBuildFile; fileRef = A1E61EA6283DF1F500CC9BB1 /* GoogleService-Info.plist */; };
/* End PBXBuildFile section */

/* Begin PBXFileReference section */
		11E98362931BE91ABA8FE2F8 /* Pods-FirebaseAuthenticationTest.release.xcconfig */ = {isa = PBXFileReference; includeInIndex = 1; lastKnownFileType = text.xcconfig; name = "Pods-FirebaseAuthenticationTest.release.xcconfig"; path = "Target Support Files/Pods-FirebaseAuthenticationTest/Pods-FirebaseAuthenticationTest.release.xcconfig"; sourceTree = "<group>"; };
		8FA8F338882D541DFCA51186 /* Pods-FirebaseAuthenticationTest.debug.xcconfig */ = {isa = PBXFileReference; includeInIndex = 1; lastKnownFileType = text.xcconfig; name = "Pods-FirebaseAuthenticationTest.debug.xcconfig"; path = "Target Support Files/Pods-FirebaseAuthenticationTest/Pods-FirebaseAuthenticationTest.debug.xcconfig"; sourceTree = "<group>"; };
		A1AFD930283DE45900F6615D /* FirebaseAuthenticationTest.app */ = {isa = PBXFileReference; explicitFileType = wrapper.application; includeInIndex = 0; path = FirebaseAuthenticationTest.app; sourceTree = BUILT_PRODUCTS_DIR; };
		A1AFD933283DE45900F6615D /* AppDelegate.swift */ = {isa = PBXFileReference; lastKnownFileType = sourcecode.swift; path = AppDelegate.swift; sourceTree = "<group>"; };
		A1AFD935283DE45900F6615D /* SceneDelegate.swift */ = {isa = PBXFileReference; lastKnownFileType = sourcecode.swift; path = SceneDelegate.swift; sourceTree = "<group>"; };
		A1AFD937283DE45900F6615D /* ViewController.swift */ = {isa = PBXFileReference; lastKnownFileType = sourcecode.swift; path = ViewController.swift; sourceTree = "<group>"; };
		A1AFD93A283DE45900F6615D /* Base */ = {isa = PBXFileReference; lastKnownFileType = file.storyboard; name = Base; path = Base.lproj/Main.storyboard; sourceTree = "<group>"; };
		A1AFD93C283DE45A00F6615D /* Assets.xcassets */ = {isa = PBXFileReference; lastKnownFileType = folder.assetcatalog; path = Assets.xcassets; sourceTree = "<group>"; };
		A1AFD93F283DE45A00F6615D /* Base */ = {isa = PBXFileReference; lastKnownFileType = file.storyboard; name = Base; path = Base.lproj/LaunchScreen.storyboard; sourceTree = "<group>"; };
		A1AFD941283DE45A00F6615D /* Info.plist */ = {isa = PBXFileReference; lastKnownFileType = text.plist.xml; path = Info.plist; sourceTree = "<group>"; };
		A1AFD947283DE91100F6615D /* AuthorizationViewController.swift */ = {isa = PBXFileReference; lastKnownFileType = sourcecode.swift; path = AuthorizationViewController.swift; sourceTree = "<group>"; };
		A1E61EA6283DF1F500CC9BB1 /* GoogleService-Info.plist */ = {isa = PBXFileReference; fileEncoding = 4; lastKnownFileType = text.plist.xml; path = "GoogleService-Info.plist"; sourceTree = "<group>"; };
		C59DF35E91A2B1E901B681F3 /* Pods_FirebaseAuthenticationTest.framework */ = {isa = PBXFileReference; explicitFileType = wrapper.framework; includeInIndex = 0; path = Pods_FirebaseAuthenticationTest.framework; sourceTree = BUILT_PRODUCTS_DIR; };
/* End PBXFileReference section */

/* Begin PBXFrameworksBuildPhase section */
		A1AFD92D283DE45900F6615D /* Frameworks */ = {
			isa = PBXFrameworksBuildPhase;
			buildActionMask = 2147483647;
			files = (
				9A270D45A4C9027142DF38F9 /* Pods_FirebaseAuthenticationTest.framework in Frameworks */,
			);
			runOnlyForDeploymentPostprocessing = 0;
		};
/* End PBXFrameworksBuildPhase section */

/* Begin PBXGroup section */
		7155E01BED6C794F870868FA /* Frameworks */ = {
			isa = PBXGroup;
			children = (
				C59DF35E91A2B1E901B681F3 /* Pods_FirebaseAuthenticationTest.framework */,
			);
			name = Frameworks;
			sourceTree = "<group>";
		};
		A1AFD927283DE45900F6615D = {
			isa = PBXGroup;
			children = (
				A1AFD932283DE45900F6615D /* FirebaseAuthenticationTest */,
				A1AFD931283DE45900F6615D /* Products */,
				B2CE60F487BFEEA7C76174C8 /* Pods */,
				7155E01BED6C794F870868FA /* Frameworks */,
			);
			sourceTree = "<group>";
		};
		A1AFD931283DE45900F6615D /* Products */ = {
			isa = PBXGroup;
			children = (
				A1AFD930283DE45900F6615D /* FirebaseAuthenticationTest.app */,
			);
			name = Products;
			sourceTree = "<group>";
		};
		A1AFD932283DE45900F6615D /* FirebaseAuthenticationTest */ = {
			isa = PBXGroup;
			children = (
				A1AFD933283DE45900F6615D /* AppDelegate.swift */,
				A1AFD935283DE45900F6615D /* SceneDelegate.swift */,
				A1AFD937283DE45900F6615D /* ViewController.swift */,
				A1AFD939283DE45900F6615D /* Main.storyboard */,
				A1AFD93C283DE45A00F6615D /* Assets.xcassets */,
				A1AFD947283DE91100F6615D /* AuthorizationViewController.swift */,
				A1AFD93E283DE45A00F6615D /* LaunchScreen.storyboard */,
				A1E61EA6283DF1F500CC9BB1 /* GoogleService-Info.plist */,
				A1AFD941283DE45A00F6615D /* Info.plist */,
			);
			path = FirebaseAuthenticationTest;
			sourceTree = "<group>";
		};
		B2CE60F487BFEEA7C76174C8 /* Pods */ = {
			isa = PBXGroup;
			children = (
				8FA8F338882D541DFCA51186 /* Pods-FirebaseAuthenticationTest.debug.xcconfig */,
				11E98362931BE91ABA8FE2F8 /* Pods-FirebaseAuthenticationTest.release.xcconfig */,
			);
			name = Pods;
			path = Pods;
			sourceTree = "<group>";
		};
/* End PBXGroup section */

/* Begin PBXNativeTarget section */
		A1AFD92F283DE45900F6615D /* FirebaseAuthenticationTest */ = {
			isa = PBXNativeTarget;
			buildConfigurationList = A1AFD944283DE45A00F6615D /* Build configuration list for PBXNativeTarget "FirebaseAuthenticationTest" */;
			buildPhases = (
				D51D89DBA91E03B2726B6CB1 /* [CP] Check Pods Manifest.lock */,
				A1AFD92C283DE45900F6615D /* Sources */,
				A1AFD92D283DE45900F6615D /* Frameworks */,
				A1AFD92E283DE45900F6615D /* Resources */,
				AA2706D7DC45A90D2A9F00F4 /* [CP] Embed Pods Frameworks */,
			);
			buildRules = (
			);
			dependencies = (
			);
			name = FirebaseAuthenticationTest;
			productName = FirebaseAuthenticationTest;
			productReference = A1AFD930283DE45900F6615D /* FirebaseAuthenticationTest.app */;
			productType = "com.apple.product-type.application";
		};
/* End PBXNativeTarget section */

/* Begin PBXProject section */
		A1AFD928283DE45900F6615D /* Project object */ = {
			isa = PBXProject;
			attributes = {
				BuildIndependentTargetsInParallel = 1;
				LastSwiftUpdateCheck = 1330;
				LastUpgradeCheck = 1330;
				TargetAttributes = {
					A1AFD92F283DE45900F6615D = {
						CreatedOnToolsVersion = 13.3.1;
					};
				};
			};
			buildConfigurationList = A1AFD92B283DE45900F6615D /* Build configuration list for PBXProject "FirebaseAuthenticationTest" */;
			compatibilityVersion = "Xcode 13.0";
			developmentRegion = en;
			hasScannedForEncodings = 0;
			knownRegions = (
				en,
				Base,
			);
			mainGroup = A1AFD927283DE45900F6615D;
			productRefGroup = A1AFD931283DE45900F6615D /* Products */;
			projectDirPath = "";
			projectRoot = "";
			targets = (
				A1AFD92F283DE45900F6615D /* FirebaseAuthenticationTest */,
			);
		};
/* End PBXProject section */

/* Begin PBXResourcesBuildPhase section */
		A1AFD92E283DE45900F6615D /* Resources */ = {
			isa = PBXResourcesBuildPhase;
			buildActionMask = 2147483647;
			files = (
				A1AFD940283DE45A00F6615D /* LaunchScreen.storyboard in Resources */,
				A1E61EA7283DF1F500CC9BB1 /* GoogleService-Info.plist in Resources */,
				A1AFD93D283DE45A00F6615D /* Assets.xcassets in Resources */,
				A1AFD93B283DE45900F6615D /* Main.storyboard in Resources */,
			);
			runOnlyForDeploymentPostprocessing = 0;
		};
/* End PBXResourcesBuildPhase section */

/* Begin PBXShellScriptBuildPhase section */
		AA2706D7DC45A90D2A9F00F4 /* [CP] Embed Pods Frameworks */ = {
			isa = PBXShellScriptBuildPhase;
			buildActionMask = 2147483647;
			files = (
			);
			inputFileListPaths = (
				"${PODS_ROOT}/Target Support Files/Pods-FirebaseAuthenticationTest/Pods-FirebaseAuthenticationTest-frameworks-${CONFIGURATION}-input-files.xcfilelist",
			);
			name = "[CP] Embed Pods Frameworks";
			outputFileListPaths = (
				"${PODS_ROOT}/Target Support Files/Pods-FirebaseAuthenticationTest/Pods-FirebaseAuthenticationTest-frameworks-${CONFIGURATION}-output-files.xcfilelist",
			);
			runOnlyForDeploymentPostprocessing = 0;
			shellPath = /bin/sh;
			shellScript = "\"${PODS_ROOT}/Target Support Files/Pods-FirebaseAuthenticationTest/Pods-FirebaseAuthenticationTest-frameworks.sh\"\n";
			showEnvVarsInLog = 0;
		};
		D51D89DBA91E03B2726B6CB1 /* [CP] Check Pods Manifest.lock */ = {
			isa = PBXShellScriptBuildPhase;
			buildActionMask = 2147483647;
			files = (
			);
			inputFileListPaths = (
			);
			inputPaths = (
				"${PODS_PODFILE_DIR_PATH}/Podfile.lock",
				"${PODS_ROOT}/Manifest.lock",
			);
			name = "[CP] Check Pods Manifest.lock";
			outputFileListPaths = (
			);
			outputPaths = (
				"$(DERIVED_FILE_DIR)/Pods-FirebaseAuthenticationTest-checkManifestLockResult.txt",
			);
			runOnlyForDeploymentPostprocessing = 0;
			shellPath = /bin/sh;
			shellScript = "diff \"${PODS_PODFILE_DIR_PATH}/Podfile.lock\" \"${PODS_ROOT}/Manifest.lock\" > /dev/null\nif [ $? != 0 ] ; then\n    # print error to STDERR\n    echo \"error: The sandbox is not in sync with the Podfile.lock. Run 'pod install' or update your CocoaPods installation.\" >&2\n    exit 1\nfi\n# This output is used by Xcode 'outputs' to avoid re-running this script phase.\necho \"SUCCESS\" > \"${SCRIPT_OUTPUT_FILE_0}\"\n";
			showEnvVarsInLog = 0;
		};
/* End PBXShellScriptBuildPhase section */

/* Begin PBXSourcesBuildPhase section */
		A1AFD92C283DE45900F6615D /* Sources */ = {
			isa = PBXSourcesBuildPhase;
			buildActionMask = 2147483647;
			files = (
				A1AFD948283DE91100F6615D /* AuthorizationViewController.swift in Sources */,
				A1AFD938283DE45900F6615D /* ViewController.swift in Sources */,
				A1AFD934283DE45900F6615D /* AppDelegate.swift in Sources */,
				A1AFD936283DE45900F6615D /* SceneDelegate.swift in Sources */,
			);
			runOnlyForDeploymentPostprocessing = 0;
		};
/* End PBXSourcesBuildPhase section */

/* Begin PBXVariantGroup section */
		A1AFD939283DE45900F6615D /* Main.storyboard */ = {
			isa = PBXVariantGroup;
			children = (
				A1AFD93A283DE45900F6615D /* Base */,
			);
			name = Main.storyboard;
			sourceTree = "<group>";
		};
		A1AFD93E283DE45A00F6615D /* LaunchScreen.storyboard */ = {
			isa = PBXVariantGroup;
			children = (
				A1AFD93F283DE45A00F6615D /* Base */,
			);
			name = LaunchScreen.storyboard;
			sourceTree = "<group>";
		};
/* End PBXVariantGroup section */

/* Begin XCBuildConfiguration section */
		A1AFD942283DE45A00F6615D /* Debug */ = {
			isa = XCBuildConfiguration;
			buildSettings = {
				ALWAYS_SEARCH_USER_PATHS = NO;
				CLANG_ANALYZER_NONNULL = YES;
				CLANG_ANALYZER_NUMBER_OBJECT_CONVERSION = YES_AGGRESSIVE;
				CLANG_CXX_LANGUAGE_STANDARD = "gnu++17";
				CLANG_ENABLE_MODULES = YES;
				CLANG_ENABLE_OBJC_ARC = YES;
				CLANG_ENABLE_OBJC_WEAK = YES;
				CLANG_WARN_BLOCK_CAPTURE_AUTORELEASING = YES;
				CLANG_WARN_BOOL_CONVERSION = YES;
				CLANG_WARN_COMMA = YES;
				CLANG_WARN_CONSTANT_CONVERSION = YES;
				CLANG_WARN_DEPRECATED_OBJC_IMPLEMENTATIONS = YES;
				CLANG_WARN_DIRECT_OBJC_ISA_USAGE = YES_ERROR;
				CLANG_WARN_DOCUMENTATION_COMMENTS = YES;
				CLANG_WARN_EMPTY_BODY = YES;
				CLANG_WARN_ENUM_CONVERSION = YES;
				CLANG_WARN_INFINITE_RECURSION = YES;
				CLANG_WARN_INT_CONVERSION = YES;
				CLANG_WARN_NON_LITERAL_NULL_CONVERSION = YES;
				CLANG_WARN_OBJC_IMPLICIT_RETAIN_SELF = YES;
				CLANG_WARN_OBJC_LITERAL_CONVERSION = YES;
				CLANG_WARN_OBJC_ROOT_CLASS = YES_ERROR;
				CLANG_WARN_QUOTED_INCLUDE_IN_FRAMEWORK_HEADER = YES;
				CLANG_WARN_RANGE_LOOP_ANALYSIS = YES;
				CLANG_WARN_STRICT_PROTOTYPES = YES;
				CLANG_WARN_SUSPICIOUS_MOVE = YES;
				CLANG_WARN_UNGUARDED_AVAILABILITY = YES_AGGRESSIVE;
				CLANG_WARN_UNREACHABLE_CODE = YES;
				CLANG_WARN__DUPLICATE_METHOD_MATCH = YES;
				COPY_PHASE_STRIP = NO;
				DEBUG_INFORMATION_FORMAT = dwarf;
				ENABLE_STRICT_OBJC_MSGSEND = YES;
				ENABLE_TESTABILITY = YES;
				GCC_C_LANGUAGE_STANDARD = gnu11;
				GCC_DYNAMIC_NO_PIC = NO;
				GCC_NO_COMMON_BLOCKS = YES;
				GCC_OPTIMIZATION_LEVEL = 0;
				GCC_PREPROCESSOR_DEFINITIONS = (
					"DEBUG=1",
					"$(inherited)",
				);
				GCC_WARN_64_TO_32_BIT_CONVERSION = YES;
				GCC_WARN_ABOUT_RETURN_TYPE = YES_ERROR;
				GCC_WARN_UNDECLARED_SELECTOR = YES;
				GCC_WARN_UNINITIALIZED_AUTOS = YES_AGGRESSIVE;
				GCC_WARN_UNUSED_FUNCTION = YES;
				GCC_WARN_UNUSED_VARIABLE = YES;
				IPHONEOS_DEPLOYMENT_TARGET = 15.4;
				MTL_ENABLE_DEBUG_INFO = INCLUDE_SOURCE;
				MTL_FAST_MATH = YES;
				ONLY_ACTIVE_ARCH = YES;
				SDKROOT = iphoneos;
				SWIFT_ACTIVE_COMPILATION_CONDITIONS = DEBUG;
				SWIFT_OPTIMIZATION_LEVEL = "-Onone";
			};
			name = Debug;
		};
		A1AFD943283DE45A00F6615D /* Release */ = {
			isa = XCBuildConfiguration;
			buildSettings = {
				ALWAYS_SEARCH_USER_PATHS = NO;
				CLANG_ANALYZER_NONNULL = YES;
				CLANG_ANALYZER_NUMBER_OBJECT_CONVERSION = YES_AGGRESSIVE;
				CLANG_CXX_LANGUAGE_STANDARD = "gnu++17";
				CLANG_ENABLE_MODULES = YES;
				CLANG_ENABLE_OBJC_ARC = YES;
				CLANG_ENABLE_OBJC_WEAK = YES;
				CLANG_WARN_BLOCK_CAPTURE_AUTORELEASING = YES;
				CLANG_WARN_BOOL_CONVERSION = YES;
				CLANG_WARN_COMMA = YES;
				CLANG_WARN_CONSTANT_CONVERSION = YES;
				CLANG_WARN_DEPRECATED_OBJC_IMPLEMENTATIONS = YES;
				CLANG_WARN_DIRECT_OBJC_ISA_USAGE = YES_ERROR;
				CLANG_WARN_DOCUMENTATION_COMMENTS = YES;
				CLANG_WARN_EMPTY_BODY = YES;
				CLANG_WARN_ENUM_CONVERSION = YES;
				CLANG_WARN_INFINITE_RECURSION = YES;
				CLANG_WARN_INT_CONVERSION = YES;
				CLANG_WARN_NON_LITERAL_NULL_CONVERSION = YES;
				CLANG_WARN_OBJC_IMPLICIT_RETAIN_SELF = YES;
				CLANG_WARN_OBJC_LITERAL_CONVERSION = YES;
				CLANG_WARN_OBJC_ROOT_CLASS = YES_ERROR;
				CLANG_WARN_QUOTED_INCLUDE_IN_FRAMEWORK_HEADER = YES;
				CLANG_WARN_RANGE_LOOP_ANALYSIS = YES;
				CLANG_WARN_STRICT_PROTOTYPES = YES;
				CLANG_WARN_SUSPICIOUS_MOVE = YES;
				CLANG_WARN_UNGUARDED_AVAILABILITY = YES_AGGRESSIVE;
				CLANG_WARN_UNREACHABLE_CODE = YES;
				CLANG_WARN__DUPLICATE_METHOD_MATCH = YES;
				COPY_PHASE_STRIP = NO;
				DEBUG_INFORMATION_FORMAT = "dwarf-with-dsym";
				ENABLE_NS_ASSERTIONS = NO;
				ENABLE_STRICT_OBJC_MSGSEND = YES;
				GCC_C_LANGUAGE_STANDARD = gnu11;
				GCC_NO_COMMON_BLOCKS = YES;
				GCC_WARN_64_TO_32_BIT_CONVERSION = YES;
				GCC_WARN_ABOUT_RETURN_TYPE = YES_ERROR;
				GCC_WARN_UNDECLARED_SELECTOR = YES;
				GCC_WARN_UNINITIALIZED_AUTOS = YES_AGGRESSIVE;
				GCC_WARN_UNUSED_FUNCTION = YES;
				GCC_WARN_UNUSED_VARIABLE = YES;
				IPHONEOS_DEPLOYMENT_TARGET = 15.4;
				MTL_ENABLE_DEBUG_INFO = NO;
				MTL_FAST_MATH = YES;
				SDKROOT = iphoneos;
				SWIFT_COMPILATION_MODE = wholemodule;
				SWIFT_OPTIMIZATION_LEVEL = "-O";
				VALIDATE_PRODUCT = YES;
			};
			name = Release;
		};
		A1AFD945283DE45A00F6615D /* Debug */ = {
			isa = XCBuildConfiguration;
			baseConfigurationReference = 8FA8F338882D541DFCA51186 /* Pods-FirebaseAuthenticationTest.debug.xcconfig */;
			buildSettings = {
				ASSETCATALOG_COMPILER_APPICON_NAME = AppIcon;
				ASSETCATALOG_COMPILER_GLOBAL_ACCENT_COLOR_NAME = AccentColor;
				CODE_SIGN_STYLE = Automatic;
				CURRENT_PROJECT_VERSION = 1;
				DEVELOPMENT_TEAM = A55B4JSB5L;
				GENERATE_INFOPLIST_FILE = YES;
				INFOPLIST_FILE = FirebaseAuthenticationTest/Info.plist;
				INFOPLIST_KEY_UIApplicationSupportsIndirectInputEvents = YES;
				INFOPLIST_KEY_UILaunchStoryboardName = LaunchScreen;
				INFOPLIST_KEY_UIMainStoryboardFile = Main;
				INFOPLIST_KEY_UISupportedInterfaceOrientations_iPad = "UIInterfaceOrientationPortrait UIInterfaceOrientationPortraitUpsideDown UIInterfaceOrientationLandscapeLeft UIInterfaceOrientationLandscapeRight";
				INFOPLIST_KEY_UISupportedInterfaceOrientations_iPhone = "UIInterfaceOrientationPortrait UIInterfaceOrientationLandscapeLeft UIInterfaceOrientationLandscapeRight";
				LD_RUNPATH_SEARCH_PATHS = (
					"$(inherited)",
					"@executable_path/Frameworks",
				);
				MARKETING_VERSION = 1.0;
				PRODUCT_BUNDLE_IDENTIFIER = com.oksana.poliakova.FirebaseAuthenticationTest;
				PRODUCT_NAME = "$(TARGET_NAME)";
				SWIFT_EMIT_LOC_STRINGS = YES;
				SWIFT_VERSION = 5.0;
				TARGETED_DEVICE_FAMILY = "1,2";
			};
			name = Debug;
		};
		A1AFD946283DE45A00F6615D /* Release */ = {
			isa = XCBuildConfiguration;
			baseConfigurationReference = 11E98362931BE91ABA8FE2F8 /* Pods-FirebaseAuthenticationTest.release.xcconfig */;
			buildSettings = {
				ASSETCATALOG_COMPILER_APPICON_NAME = AppIcon;
				ASSETCATALOG_COMPILER_GLOBAL_ACCENT_COLOR_NAME = AccentColor;
				CODE_SIGN_STYLE = Automatic;
				CURRENT_PROJECT_VERSION = 1;
				DEVELOPMENT_TEAM = A55B4JSB5L;
				GENERATE_INFOPLIST_FILE = YES;
				INFOPLIST_FILE = FirebaseAuthenticationTest/Info.plist;
				INFOPLIST_KEY_UIApplicationSupportsIndirectInputEvents = YES;
				INFOPLIST_KEY_UILaunchStoryboardName = LaunchScreen;
				INFOPLIST_KEY_UIMainStoryboardFile = Main;
				INFOPLIST_KEY_UISupportedInterfaceOrientations_iPad = "UIInterfaceOrientationPortrait UIInterfaceOrientationPortraitUpsideDown UIInterfaceOrientationLandscapeLeft UIInterfaceOrientationLandscapeRight";
				INFOPLIST_KEY_UISupportedInterfaceOrientations_iPhone = "UIInterfaceOrientationPortrait UIInterfaceOrientationLandscapeLeft UIInterfaceOrientationLandscapeRight";
				LD_RUNPATH_SEARCH_PATHS = (
					"$(inherited)",
					"@executable_path/Frameworks",
				);
				MARKETING_VERSION = 1.0;
				PRODUCT_BUNDLE_IDENTIFIER = com.oksana.poliakova.FirebaseAuthenticationTest;
				PRODUCT_NAME = "$(TARGET_NAME)";
				SWIFT_EMIT_LOC_STRINGS = YES;
				SWIFT_VERSION = 5.0;
				TARGETED_DEVICE_FAMILY = "1,2";
			};
			name = Release;
		};
/* End XCBuildConfiguration section */

/* Begin XCConfigurationList section */
		A1AFD92B283DE45900F6615D /* Build configuration list for PBXProject "FirebaseAuthenticationTest" */ = {
			isa = XCConfigurationList;
			buildConfigurations = (
				A1AFD942283DE45A00F6615D /* Debug */,
				A1AFD943283DE45A00F6615D /* Release */,
			);
			defaultConfigurationIsVisible = 0;
			defaultConfigurationName = Release;
		};
		A1AFD944283DE45A00F6615D /* Build configuration list for PBXNativeTarget "FirebaseAuthenticationTest" */ = {
			isa = XCConfigurationList;
			buildConfigurations = (
				A1AFD945283DE45A00F6615D /* Debug */,
				A1AFD946283DE45A00F6615D /* Release */,
			);
			defaultConfigurationIsVisible = 0;
			defaultConfigurationName = Release;
		};
/* End XCConfigurationList section */
	};
	rootObject = A1AFD928283DE45900F6615D /* Project object */;
}
